github.com/davecgh/go-spew v1.1.0/go.mod h1:J7Y8YcW2NihsgmVo/mv3lAwl/skON4iLHjSsI+c5H38=
github.com/davecgh/go-spew v1.1.1 h1:vj9j/u1bqnvCEfJOwUhtlOARqs3+rkHYY13jYWTU97c=
github.com/davecgh/go-spew v1.1.1/go.mod h1:J7Y8YcW2NihsgmVo/mv3lAwl/skON4iLHjSsI+c5H38=
github.com/elazarl/goproxy v0.0.0-20190711103511-473e67f1d7d2 h1:aZtFdDNWY/yH86JPR2WX/PN63635VsE/f/nXNPAbYxY=
github.com/elazarl/goproxy v0.0.0-20190711103511-473e67f1d7d2/go.mod h1:/Zj4wYkgs4iZTTu3o/KG3Itv/qCCa8VVMlb3i9OVuzc=
github.com/elazarl/goproxy/ext v0.0.0-20191011121108-aa519ddbe484 h1:aBgSK7SOjFeL1wfzfbIb/pkPpfRr6EP7b1Af4o/xkpU=
github.com/elazarl/goproxy/ext v0.0.0-20191011121108-aa519ddbe484/go.mod h1:gNh8nYJoAm43RfaxurUnxr+N1PwuFV3ZMl/efxlIlY8=
github.com/kyoukaya/rhine v0.0.0-20200208160130-c9bf2c9cfb44 h1:MpaI7zwPQCNXfMCmKhkPR+Fnq6Mc1cMALTgVKXKBjj8=
github.com/kyoukaya/rhine v0.0.0-20200208160130-c9bf2c9cfb44/go.mod h1:PqZeQby5eJ4WNvXghw+WRbMd2MQqGlwhA+hma6yvlmk=
github.com/kyoukaya/rhine v0.0.0-20200208161208-2fbef4afbbb6 h1:YYbYWkbVM2ruNNH6o2gvWnmYzMjfcSQstxYETDV3lVQ=
github.com/kyoukaya/rhine v0.0.0-20200208161208-2fbef4afbbb6/go.mod h1:PqZeQby5eJ4WNvXghw+WRbMd2MQqGlwhA+hma6yvlmk=
github.com/kyoukaya/rhine v0.0.0-20200208161531-e561d5ea335b h1:igNi9bh15XxLQ7haWKHLB5s/7uitXy9W9FP760sIfVs=
github.com/kyoukaya/rhine v0.0.0-20200208161531-e561d5ea335b/go.mod h1:PqZeQby5eJ4WNvXghw+WRbMd2MQqGlwhA+hma6yvlmk=
github.com/kyoukaya/rhine v0.0.0-20200209073918-2cedf48cd343 h1:WsrBghlXAU37wuCyERBiU4/KholMwY00Z6beBbSp3Io=
github.com/kyoukaya/rhine v0.0.0-20200209073918-2cedf48cd343/go.mod h1:PqZeQby5eJ4WNvXghw+WRbMd2MQqGlwhA+hma6yvlmk=
github.com/kyoukaya/rich-go v0.0.0-20200206150355-f0defd62a597 h1:CQNL6yQqXztjdkmELkyLlXB+EI7XTveAjLAtwGZ+pOg=
github.com/kyoukaya/rich-go v0.0.0-20200206150355-f0defd62a597/go.mod h1:RiBSH3DcTtJ5cbE0i/TPtPjdYu+aKrydh2UP9qPWeow=
github.com/logrusorgru/aurora v0.0.0-20190803045625-94edacc10f9b h1:PMbSa9CgaiQR9NLlUTwKi+7aeLl3GG5JX5ERJxfQ3IE=
github.com/logrusorgru/aurora v0.0.0-20190803045625-94edacc10f9b/go.mod h1:7rIyQOR62GCctdiQpZ/zOJlFyk6y+94wXzv6RNZgaR4=
github.com/mattn/go-colorable v0.1.2 h1:/bC9yWikZXAL9uJdulbSfyVNIR3n3trXl+v8+1sx8mU=
github.com/mattn/go-colorable v0.1.2/go.mod h1:U0ppj6V5qS13XJ6of8GYAs25YV2eR4EVcfRqFIhoBtE=
github.com/mattn/go-isatty v0.0.8 h1:HLtExJ+uU2HOZ+wI0Tt5DtUDrx8yhUqDcp7fYERX4CE=
github.com/mattn/go-isatty v0.0.8/go.mod h1:Iq45c/XA43vh69/j3iqttzPXn0bhXyGjM0Hdxcsrc5s=
github.com/pmezard/go-difflib v1.0.0 h1:4DBwDE0NGyQoBHbLQYPwSUPoCMWR5BEzIk/f1lZbAQM=
github.com/pmezard/go-difflib v1.0.0/go.mod h1:iKH77koFhYxTK1pcRnkKkqfTogsbg7gZNVY4sRDYZ/4=
github.com/rogpeppe/go-charset v0.0.0-20180617210344-2471d30d28b4/go.mod h1:qgYeAmZ5ZIpBWTGllZSQnw97Dj+woV0toclVaRGI8pc=
github.com/stretchr/objx v0.1.0/go.mod h1:HFkY916IF+rwdDfMAkV7OtwuqBVzrE8GR6GFx+wExME=
github.com/stretchr/testify v1.3.0 h1:TivCn/peBQ7UY8ooIcPgZFpTNSz0Q2U6UrFlUfqbe0Q=
github.com/stretchr/testify v1.3.0/go.mod h1:M5WIy9Dh21IEIfnGCwXGc5bZfKNJtfHm1UVUgZn+9EI=
github.com/tidwall/gjson v1.4.0 h1:w6iOJZt9BJOzz4VD9CSnRCX/oleCsAZWi+1FFzZA+SA=
github.com/tidwall/gjson v1.4.0/go.mod h1:P256ACg0Mn+j1RXIDXoss50DeIABTYK1PULOJHhxOls=
github.com/tidwall/match v1.0.1 h1:PnKP62LPNxHKTwvHHZZzdOAOCtsJTjo6dZLCwpKm5xc=
github.com/tidwall/match v1.0.1/go.mod h1:LujAq0jyVjBy028G1WhWfIzbpQfMO8bBZ6Tyb0+pL9E=
github.com/tidwall/pretty v1.0.0 h1:HsD+QiTn7sK6flMKIvNmpqz1qrpP3Ps6jOKIKMooyg4=
github.com/tidwall/pretty v1.0.0/go.mod h1:XNkn88O1ChpSDQmQeStsy+sBenx6DDtFZJxhVysOjyk=
golang.org/x/sys v0.0.0-20190222072716-a9d3bda3a223 h1:DH4skfRX4EBpamg7iV4ZlCpblAHI6s6TDM39bFZumv8=
golang.org/x/sys v0.0.0-20190222072716-a9d3bda3a223/go.mod h1:STP8DvDyc/dI5b8T5hshtkjS+E42TnysNCUPdjciGhY=
gopkg.in/natefinch/npipe.v2 v2.0.0-20160621034901-c1b8fa8bdcce h1:+JknDZhAj8YMt7GC73Ei8pv4MzjDUNPHgQWJdtMAaDU=
gopkg.in/natefinch/npipe.v2 v2.0.0-20160621034901-c1b8fa8bdcce/go.mod h1:5AcXVHNjg+BDxry382+8OKon8SEWiKktQR07RKPsv1c=
